
Microsoft Visual Studio Solution File, Format Version 12.00
# Visual Studio 2013
VisualStudioVersion = 12.0.21005.1
MinimumVisualStudioVersion = 10.0.40219.1
Project("{FAE04EC0-301F-11D3-BF4B-00C04F79EFBC}") = "JetDev.Cielo", "JetDev.Cielo.csproj", "{6CA80F0C-0E09-4018-8DB4-7A2700C0999B}"
EndProject
Project("{FAE04EC0-301F-11D3-BF4B-00C04F79EFBC}") = "Exemplo", "Exemplo\Exemplo.csproj", "{15F2D4C1-68D8-4800-9341-49C2121D65E5}"
EndProject
Global
	GlobalSection(SolutionConfigurationPlatforms) = preSolution
		Debug|Any CPU = Debug|Any CPU
		Release|Any CPU = Release|Any CPU
	EndGlobalSection
	GlobalSection(ProjectConfigurationPlatforms) = postSolution
		{6CA80F0C-0E09-4018-8DB4-7A2700C0999B}.Debug|Any CPU.ActiveCfg = Debug|Any CPU
		{6CA80F0C-0E09-4018-8DB4-7A2700C0999B}.Debug|Any CPU.Build.0 = Debug|Any CPU
		{6CA80F0C-0E09-4018-8DB4-7A2700C0999B}.Release|Any CPU.ActiveCfg = Release|Any CPU
		{6CA80F0C-0E09-4018-8DB4-7A2700C0999B}.Release|Any CPU.Build.0 = Release|Any CPU
		{15F2D4C1-68D8-4800-9341-49C2121D65E5}.Debug|Any CPU.ActiveCfg = Debug|Any CPU
		{15F2D4C1-68D8-4800-9341-49C2121D65E5}.Debug|Any CPU.Build.0 = Debug|Any CPU
		{15F2D4C1-68D8-4800-9341-49C2121D65E5}.Release|Any CPU.ActiveCfg = Release|Any CPU
		{15F2D4C1-68D8-4800-9341-49C2121D65E5}.Release|Any CPU.Build.0 = Release|Any CPU
	EndGlobalSection
	GlobalSection(SolutionProperties) = preSolution
		HideSolutionNode = FALSE
	EndGlobalSection
EndGlobal
